
Microsoft Visual Studio Solution File, Format Version 12.00
# Visual Studio Version 16
VisualStudioVersion = 16.0.31702.278
MinimumVisualStudioVersion = 10.0.40219.1
Project("{9A19103F-16F7-4668-BE54-9A1E7A4F7556}") = "coremembersystem", "coremembersystem\coremembersystem.csproj", "{B9FC492A-3757-44C4-AE6A-CE0E62A9BFC9}"
EndProject
Project("{FAE04EC0-301F-11D3-BF4B-00C04F79EFBC}") = "coremembersystem.Test", "coremembersystem.Test\coremembersystem.Test.csproj", "{A5738C56-48AF-4E24-B385-582AEF4996D8}"
EndProject
Global
	GlobalSection(SolutionConfigurationPlatforms) = preSolution
		Debug|Any CPU = Debug|Any CPU
		Release|Any CPU = Release|Any CPU
	EndGlobalSection
	GlobalSection(ProjectConfigurationPlatforms) = postSolution
		{B9FC492A-3757-44C4-AE6A-CE0E62A9BFC9}.Debug|Any CPU.ActiveCfg = Debug|Any CPU
		{B9FC492A-3757-44C4-AE6A-CE0E62A9BFC9}.Debug|Any CPU.Build.0 = Debug|Any CPU
		{B9FC492A-3757-44C4-AE6A-CE0E62A9BFC9}.Release|Any CPU.ActiveCfg = Release|Any CPU
		{B9FC492A-3757-44C4-AE6A-CE0E62A9BFC9}.Release|Any CPU.Build.0 = Release|Any CPU
		{A5738C56-48AF-4E24-B385-582AEF4996D8}.Debug|Any CPU.ActiveCfg = Debug|Any CPU
		{A5738C56-48AF-4E24-B385-582AEF4996D8}.Debug|Any CPU.Build.0 = Debug|Any CPU
		{A5738C56-48AF-4E24-B385-582AEF4996D8}.Release|Any CPU.ActiveCfg = Release|Any CPU
		{A5738C56-48AF-4E24-B385-582AEF4996D8}.Release|Any CPU.Build.0 = Release|Any CPU
	EndGlobalSection
	GlobalSection(SolutionProperties) = preSolution
		HideSolutionNode = FALSE
	EndGlobalSection
	GlobalSection(ExtensibilityGlobals) = postSolution
		SolutionGuid = {5F377C46-B283-441E-B792-42DEEE544675}
	EndGlobalSection
EndGlobal
